// !$*UTF8*$!
{
	archiveVersion = 1;
	classes = {
	};
	objectVersion = 55;
	objects = {

/* Begin PBXBuildFile section */
		1218568227629B760068A206 /* MovieTridentApp.swift in Sources */ = {isa = PBXBuildFile; fileRef = 1218568127629B760068A206 /* MovieTridentApp.swift */; };
		1218568427629B760068A206 /* EntryView.swift in Sources */ = {isa = PBXBuildFile; fileRef = 1218568327629B760068A206 /* EntryView.swift */; };
		1218568627629B7B0068A206 /* Assets.xcassets in Resources */ = {isa = PBXBuildFile; fileRef = 1218568527629B7B0068A206 /* Assets.xcassets */; };
		1218568927629B7B0068A206 /* Preview Assets.xcassets in Resources */ = {isa = PBXBuildFile; fileRef = 1218568827629B7B0068A206 /* Preview Assets.xcassets */; };
		122009472763F0A500C1E4F5 /* DetailView.swift in Sources */ = {isa = PBXBuildFile; fileRef = 122009462763F0A500C1E4F5 /* DetailView.swift */; };
		122EAC222764BD2300E33D3A /* Brand.swift in Sources */ = {isa = PBXBuildFile; fileRef = 122EAC212764BD2300E33D3A /* Brand.swift */; };
		122EAC262764BED600E33D3A /* Movie.swift in Sources */ = {isa = PBXBuildFile; fileRef = 122EAC252764BED600E33D3A /* Movie.swift */; };
		122EAC2A2764BF9000E33D3A /* EntryViewModel.swift in Sources */ = {isa = PBXBuildFile; fileRef = 122EAC292764BF9000E33D3A /* EntryViewModel.swift */; };
		122EAC2E27661C4200E33D3A /* CircularActionButton.swift in Sources */ = {isa = PBXBuildFile; fileRef = 122EAC2D27661C4200E33D3A /* CircularActionButton.swift */; };
		122EAC32276622AB00E33D3A /* MovieListCell.swift in Sources */ = {isa = PBXBuildFile; fileRef = 122EAC31276622AB00E33D3A /* MovieListCell.swift */; };
		122EAC35276644A800E33D3A /* RemoteImages.swift in Sources */ = {isa = PBXBuildFile; fileRef = 122EAC34276644A800E33D3A /* RemoteImages.swift */; };
		122EAC3927665DDF00E33D3A /* NetworkManager.swift in Sources */ = {isa = PBXBuildFile; fileRef = 122EAC3827665DDF00E33D3A /* NetworkManager.swift */; };
		122EAC3C27665E7000E33D3A /* CustomErrors.swift in Sources */ = {isa = PBXBuildFile; fileRef = 122EAC3B27665E7000E33D3A /* CustomErrors.swift */; };
/* End PBXBuildFile section */

/* Begin PBXFileReference section */
		1218567E27629B760068A206 /* MovieTrident.app */ = {isa = PBXFileReference; explicitFileType = wrapper.application; includeInIndex = 0; path = MovieTrident.app; sourceTree = BUILT_PRODUCTS_DIR; };
		1218568127629B760068A206 /* MovieTridentApp.swift */ = {isa = PBXFileReference; lastKnownFileType = sourcecode.swift; path = MovieTridentApp.swift; sourceTree = "<group>"; };
		1218568327629B760068A206 /* EntryView.swift */ = {isa = PBXFileReference; lastKnownFileType = sourcecode.swift; path = EntryView.swift; sourceTree = "<group>"; };
		1218568527629B7B0068A206 /* Assets.xcassets */ = {isa = PBXFileReference; lastKnownFileType = folder.assetcatalog; path = Assets.xcassets; sourceTree = "<group>"; };
		1218568827629B7B0068A206 /* Preview Assets.xcassets */ = {isa = PBXFileReference; lastKnownFileType = folder.assetcatalog; path = "Preview Assets.xcassets"; sourceTree = "<group>"; };
		122009462763F0A500C1E4F5 /* DetailView.swift */ = {isa = PBXFileReference; lastKnownFileType = sourcecode.swift; path = DetailView.swift; sourceTree = "<group>"; };
		122EAC212764BD2300E33D3A /* Brand.swift */ = {isa = PBXFileReference; lastKnownFileType = sourcecode.swift; path = Brand.swift; sourceTree = "<group>"; };
		122EAC252764BED600E33D3A /* Movie.swift */ = {isa = PBXFileReference; lastKnownFileType = sourcecode.swift; path = Movie.swift; sourceTree = "<group>"; };
		122EAC292764BF9000E33D3A /* EntryViewModel.swift */ = {isa = PBXFileReference; lastKnownFileType = sourcecode.swift; path = EntryViewModel.swift; sourceTree = "<group>"; };
		122EAC2B2764E7DF00E33D3A /* Info.plist */ = {isa = PBXFileReference; lastKnownFileType = text.plist; path = Info.plist; sourceTree = "<group>"; };
		122EAC2D27661C4200E33D3A /* CircularActionButton.swift */ = {isa = PBXFileReference; lastKnownFileType = sourcecode.swift; path = CircularActionButton.swift; sourceTree = "<group>"; };
		122EAC31276622AB00E33D3A /* MovieListCell.swift */ = {isa = PBXFileReference; lastKnownFileType = sourcecode.swift; path = MovieListCell.swift; sourceTree = "<group>"; };
		122EAC34276644A800E33D3A /* RemoteImages.swift */ = {isa = PBXFileReference; lastKnownFileType = sourcecode.swift; path = RemoteImages.swift; sourceTree = "<group>"; };
		122EAC3827665DDF00E33D3A /* NetworkManager.swift */ = {isa = PBXFileReference; lastKnownFileType = sourcecode.swift; path = NetworkManager.swift; sourceTree = "<group>"; };
		122EAC3B27665E7000E33D3A /* CustomErrors.swift */ = {isa = PBXFileReference; lastKnownFileType = sourcecode.swift; path = CustomErrors.swift; sourceTree = "<group>"; };
/* End PBXFileReference section */

/* Begin PBXFrameworksBuildPhase section */
		1218567B27629B760068A206 /* Frameworks */ = {
			isa = PBXFrameworksBuildPhase;
			buildActionMask = 2147483647;
			files = (
			);
			runOnlyForDeploymentPostprocessing = 0;
		};
/* End PBXFrameworksBuildPhase section */

/* Begin PBXGroup section */
		1218567527629B760068A206 = {
			isa = PBXGroup;
			children = (
				1218568027629B760068A206 /* MovieTrident */,
				1218567F27629B760068A206 /* Products */,
			);
			sourceTree = "<group>";
		};
		1218567F27629B760068A206 /* Products */ = {
			isa = PBXGroup;
			children = (
				1218567E27629B760068A206 /* MovieTrident.app */,
			);
			name = Products;
			sourceTree = "<group>";
		};
		1218568027629B760068A206 /* MovieTrident */ = {
			isa = PBXGroup;
			children = (
				122EAC3627665DC600E33D3A /* Utilities */,
				122EAC2C27661C2C00E33D3A /* Reusable Components */,
				122EAC2B2764E7DF00E33D3A /* Info.plist */,
				122EAC242764BEC300E33D3A /* Model */,
				122EAC232764BE8B00E33D3A /* Main */,
				122EAC1F2764BCF500E33D3A /* Screens */,
				1218568527629B7B0068A206 /* Assets.xcassets */,
				1218568727629B7B0068A206 /* Preview Content */,
			);
			path = MovieTrident;
			sourceTree = "<group>";
		};
		1218568727629B7B0068A206 /* Preview Content */ = {
			isa = PBXGroup;
			children = (
				1218568827629B7B0068A206 /* Preview Assets.xcassets */,
			);
			path = "Preview Content";
			sourceTree = "<group>";
		};
		122EAC1F2764BCF500E33D3A /* Screens */ = {
			isa = PBXGroup;
			children = (
				122EAC282764BF8000E33D3A /* EntryView */,
				122009462763F0A500C1E4F5 /* DetailView.swift */,
			);
			path = Screens;
			sourceTree = "<group>";
		};
		122EAC202764BD0800E33D3A /* Constants */ = {
			isa = PBXGroup;
			children = (
				122EAC212764BD2300E33D3A /* Brand.swift */,
			);
			path = Constants;
			sourceTree = "<group>";
		};
		122EAC232764BE8B00E33D3A /* Main */ = {
			isa = PBXGroup;
			children = (
				1218568127629B760068A206 /* MovieTridentApp.swift */,
			);
			path = Main;
			sourceTree = "<group>";
		};
		122EAC242764BEC300E33D3A /* Model */ = {
			isa = PBXGroup;
			children = (
				122EAC252764BED600E33D3A /* Movie.swift */,
			);
			path = Model;
			sourceTree = "<group>";
		};
		122EAC282764BF8000E33D3A /* EntryView */ = {
			isa = PBXGroup;
			children = (
				1218568327629B760068A206 /* EntryView.swift */,
				122EAC292764BF9000E33D3A /* EntryViewModel.swift */,
			);
			path = EntryView;
			sourceTree = "<group>";
		};
		122EAC2C27661C2C00E33D3A /* Reusable Components */ = {
			isa = PBXGroup;
			children = (
				122EAC332766449C00E33D3A /* Images */,
				122EAC302766229C00E33D3A /* Cells */,
				122EAC2F2766229000E33D3A /* Buttons */,
			);
			path = "Reusable Components";
			sourceTree = "<group>";
		};
		122EAC2F2766229000E33D3A /* Buttons */ = {
			isa = PBXGroup;
			children = (
				122EAC2D27661C4200E33D3A /* CircularActionButton.swift */,
			);
			path = Buttons;
			sourceTree = "<group>";
		};
		122EAC302766229C00E33D3A /* Cells */ = {
			isa = PBXGroup;
			children = (
				122EAC31276622AB00E33D3A /* MovieListCell.swift */,
			);
			path = Cells;
			sourceTree = "<group>";
		};
		122EAC332766449C00E33D3A /* Images */ = {
			isa = PBXGroup;
			children = (
				122EAC34276644A800E33D3A /* RemoteImages.swift */,
			);
			path = Images;
			sourceTree = "<group>";
		};
		122EAC3627665DC600E33D3A /* Utilities */ = {
			isa = PBXGroup;
			children = (
				122EAC3A27665E6200E33D3A /* Errors */,
				122EAC3727665DD400E33D3A /* Managers */,
				122EAC202764BD0800E33D3A /* Constants */,
			);
			path = Utilities;
			sourceTree = "<group>";
		};
		122EAC3727665DD400E33D3A /* Managers */ = {
			isa = PBXGroup;
			children = (
				122EAC3827665DDF00E33D3A /* NetworkManager.swift */,
			);
			path = Managers;
			sourceTree = "<group>";
		};
		122EAC3A27665E6200E33D3A /* Errors */ = {
			isa = PBXGroup;
			children = (
				122EAC3B27665E7000E33D3A /* CustomErrors.swift */,
			);
			path = Errors;
			sourceTree = "<group>";
		};
/* End PBXGroup section */

/* Begin PBXNativeTarget section */
		1218567D27629B760068A206 /* MovieTrident */ = {
			isa = PBXNativeTarget;
			buildConfigurationList = 1218568C27629B7B0068A206 /* Build configuration list for PBXNativeTarget "MovieTrident" */;
			buildPhases = (
				1218567A27629B760068A206 /* Sources */,
				1218567B27629B760068A206 /* Frameworks */,
				1218567C27629B760068A206 /* Resources */,
			);
			buildRules = (
			);
			dependencies = (
			);
			name = MovieTrident;
			productName = MovieTrident;
			productReference = 1218567E27629B760068A206 /* MovieTrident.app */;
			productType = "com.apple.product-type.application";
		};
/* End PBXNativeTarget section */

/* Begin PBXProject section */
		1218567627629B760068A206 /* Project object */ = {
			isa = PBXProject;
			attributes = {
				BuildIndependentTargetsInParallel = 1;
				LastSwiftUpdateCheck = 1310;
				LastUpgradeCheck = 1310;
				TargetAttributes = {
					1218567D27629B760068A206 = {
						CreatedOnToolsVersion = 13.1;
					};
				};
			};
			buildConfigurationList = 1218567927629B760068A206 /* Build configuration list for PBXProject "MovieTrident" */;
			compatibilityVersion = "Xcode 13.0";
			developmentRegion = en;
			hasScannedForEncodings = 0;
			knownRegions = (
				en,
				Base,
			);
			mainGroup = 1218567527629B760068A206;
			productRefGroup = 1218567F27629B760068A206 /* Products */;
			projectDirPath = "";
			projectRoot = "";
			targets = (
				1218567D27629B760068A206 /* MovieTrident */,
			);
		};
/* End PBXProject section */

/* Begin PBXResourcesBuildPhase section */
		1218567C27629B760068A206 /* Resources */ = {
			isa = PBXResourcesBuildPhase;
			buildActionMask = 2147483647;
			files = (
				1218568927629B7B0068A206 /* Preview Assets.xcassets in Resources */,
				1218568627629B7B0068A206 /* Assets.xcassets in Resources */,
			);
			runOnlyForDeploymentPostprocessing = 0;
		};
/* End PBXResourcesBuildPhase section */

/* Begin PBXSourcesBuildPhase section */
		1218567A27629B760068A206 /* Sources */ = {
			isa = PBXSourcesBuildPhase;
			buildActionMask = 2147483647;
			files = (
				122EAC35276644A800E33D3A /* RemoteImages.swift in Sources */,
				1218568427629B760068A206 /* EntryView.swift in Sources */,
				122EAC3927665DDF00E33D3A /* NetworkManager.swift in Sources */,
				122EAC222764BD2300E33D3A /* Brand.swift in Sources */,
				122EAC32276622AB00E33D3A /* MovieListCell.swift in Sources */,
				122EAC2E27661C4200E33D3A /* CircularActionButton.swift in Sources */,
				122009472763F0A500C1E4F5 /* DetailView.swift in Sources */,
				122EAC2A2764BF9000E33D3A /* EntryViewModel.swift in Sources */,
				1218568227629B760068A206 /* MovieTridentApp.swift in Sources */,
				122EAC3C27665E7000E33D3A /* CustomErrors.swift in Sources */,
				122EAC262764BED600E33D3A /* Movie.swift in Sources */,
			);
			runOnlyForDeploymentPostprocessing = 0;
		};
/* End PBXSourcesBuildPhase section */

/* Begin XCBuildConfiguration section */
		1218568A27629B7B0068A206 /* Debug */ = {
			isa = XCBuildConfiguration;
			buildSettings = {
				ALWAYS_SEARCH_USER_PATHS = NO;
				CLANG_ANALYZER_NONNULL = YES;
				CLANG_ANALYZER_NUMBER_OBJECT_CONVERSION = YES_AGGRESSIVE;
				CLANG_CXX_LANGUAGE_STANDARD = "gnu++17";
				CLANG_CXX_LIBRARY = "libc++";
				CLANG_ENABLE_MODULES = YES;
				CLANG_ENABLE_OBJC_ARC = YES;
				CLANG_ENABLE_OBJC_WEAK = YES;
				CLANG_WARN_BLOCK_CAPTURE_AUTORELEASING = YES;
				CLANG_WARN_BOOL_CONVERSION = YES;
				CLANG_WARN_COMMA = YES;
				CLANG_WARN_CONSTANT_CONVERSION = YES;
				CLANG_WARN_DEPRECATED_OBJC_IMPLEMENTATIONS = YES;
				CLANG_WARN_DIRECT_OBJC_ISA_USAGE = YES_ERROR;
				CLANG_WARN_DOCUMENTATION_COMMENTS = YES;
				CLANG_WARN_EMPTY_BODY = YES;
				CLANG_WARN_ENUM_CONVERSION = YES;
				CLANG_WARN_INFINITE_RECURSION = YES;
				CLANG_WARN_INT_CONVERSION = YES;
				CLANG_WARN_NON_LITERAL_NULL_CONVERSION = YES;
				CLANG_WARN_OBJC_IMPLICIT_RETAIN_SELF = YES;
				CLANG_WARN_OBJC_LITERAL_CONVERSION = YES;
				CLANG_WARN_OBJC_ROOT_CLASS = YES_ERROR;
				CLANG_WARN_QUOTED_INCLUDE_IN_FRAMEWORK_HEADER = YES;
				CLANG_WARN_RANGE_LOOP_ANALYSIS = YES;
				CLANG_WARN_STRICT_PROTOTYPES = YES;
				CLANG_WARN_SUSPICIOUS_MOVE = YES;
				CLANG_WARN_UNGUARDED_AVAILABILITY = YES_AGGRESSIVE;
				CLANG_WARN_UNREACHABLE_CODE = YES;
				CLANG_WARN__DUPLICATE_METHOD_MATCH = YES;
				COPY_PHASE_STRIP = NO;
				DEBUG_INFORMATION_FORMAT = dwarf;
				ENABLE_STRICT_OBJC_MSGSEND = YES;
				ENABLE_TESTABILITY = YES;
				GCC_C_LANGUAGE_STANDARD = gnu11;
				GCC_DYNAMIC_NO_PIC = NO;
				GCC_NO_COMMON_BLOCKS = YES;
				GCC_OPTIMIZATION_LEVEL = 0;
				GCC_PREPROCESSOR_DEFINITIONS = (
					"DEBUG=1",
					"$(inherited)",
				);
				GCC_WARN_64_TO_32_BIT_CONVERSION = YES;
				GCC_WARN_ABOUT_RETURN_TYPE = YES_ERROR;
				GCC_WARN_UNDECLARED_SELECTOR = YES;
				GCC_WARN_UNINITIALIZED_AUTOS = YES_AGGRESSIVE;
				GCC_WARN_UNUSED_FUNCTION = YES;
				GCC_WARN_UNUSED_VARIABLE = YES;
				IPHONEOS_DEPLOYMENT_TARGET = 15.0;
				MTL_ENABLE_DEBUG_INFO = INCLUDE_SOURCE;
				MTL_FAST_MATH = YES;
				ONLY_ACTIVE_ARCH = YES;
				SDKROOT = iphoneos;
				SWIFT_ACTIVE_COMPILATION_CONDITIONS = DEBUG;
				SWIFT_OPTIMIZATION_LEVEL = "-Onone";
			};
			name = Debug;
		};
		1218568B27629B7B0068A206 /* Release */ = {
			isa = XCBuildConfiguration;
			buildSettings = {
				ALWAYS_SEARCH_USER_PATHS = NO;
				CLANG_ANALYZER_NONNULL = YES;
				CLANG_ANALYZER_NUMBER_OBJECT_CONVERSION = YES_AGGRESSIVE;
				CLANG_CXX_LANGUAGE_STANDARD = "gnu++17";
				CLANG_CXX_LIBRARY = "libc++";
				CLANG_ENABLE_MODULES = YES;
				CLANG_ENABLE_OBJC_ARC = YES;
				CLANG_ENABLE_OBJC_WEAK = YES;
				CLANG_WARN_BLOCK_CAPTURE_AUTORELEASING = YES;
				CLANG_WARN_BOOL_CONVERSION = YES;
				CLANG_WARN_COMMA = YES;
				CLANG_WARN_CONSTANT_CONVERSION = YES;
				CLANG_WARN_DEPRECATED_OBJC_IMPLEMENTATIONS = YES;
				CLANG_WARN_DIRECT_OBJC_ISA_USAGE = YES_ERROR;
				CLANG_WARN_DOCUMENTATION_COMMENTS = YES;
				CLANG_WARN_EMPTY_BODY = YES;
				CLANG_WARN_ENUM_CONVERSION = YES;
				CLANG_WARN_INFINITE_RECURSION = YES;
				CLANG_WARN_INT_CONVERSION = YES;
				CLANG_WARN_NON_LITERAL_NULL_CONVERSION = YES;
				CLANG_WARN_OBJC_IMPLICIT_RETAIN_SELF = YES;
				CLANG_WARN_OBJC_LITERAL_CONVERSION = YES;
				CLANG_WARN_OBJC_ROOT_CLASS = YES_ERROR;
				CLANG_WARN_QUOTED_INCLUDE_IN_FRAMEWORK_HEADER = YES;
				CLANG_WARN_RANGE_LOOP_ANALYSIS = YES;
				CLANG_WARN_STRICT_PROTOTYPES = YES;
				CLANG_WARN_SUSPICIOUS_MOVE = YES;
				CLANG_WARN_UNGUARDED_AVAILABILITY = YES_AGGRESSIVE;
				CLANG_WARN_UNREACHABLE_CODE = YES;
				CLANG_WARN__DUPLICATE_METHOD_MATCH = YES;
				COPY_PHASE_STRIP = NO;
				DEBUG_INFORMATION_FORMAT = "dwarf-with-dsym";
				ENABLE_NS_ASSERTIONS = NO;
				ENABLE_STRICT_OBJC_MSGSEND = YES;
				GCC_C_LANGUAGE_STANDARD = gnu11;
				GCC_NO_COMMON_BLOCKS = YES;
				GCC_WARN_64_TO_32_BIT_CONVERSION = YES;
				GCC_WARN_ABOUT_RETURN_TYPE = YES_ERROR;
				GCC_WARN_UNDECLARED_SELECTOR = YES;
				GCC_WARN_UNINITIALIZED_AUTOS = YES_AGGRESSIVE;
				GCC_WARN_UNUSED_FUNCTION = YES;
				GCC_WARN_UNUSED_VARIABLE = YES;
				IPHONEOS_DEPLOYMENT_TARGET = 15.0;
				MTL_ENABLE_DEBUG_INFO = NO;
				MTL_FAST_MATH = YES;
				SDKROOT = iphoneos;
				SWIFT_COMPILATION_MODE = wholemodule;
				SWIFT_OPTIMIZATION_LEVEL = "-O";
				VALIDATE_PRODUCT = YES;
			};
			name = Release;
		};
		1218568D27629B7B0068A206 /* Debug */ = {
			isa = XCBuildConfiguration;
			buildSettings = {
				ASSETCATALOG_COMPILER_APPICON_NAME = AppIcon;
				ASSETCATALOG_COMPILER_GLOBAL_ACCENT_COLOR_NAME = AccentColor;
				CODE_SIGN_STYLE = Automatic;
				CURRENT_PROJECT_VERSION = 1;
				DEVELOPMENT_ASSET_PATHS = "\"MovieTrident/Preview Content\"";
				DEVELOPMENT_TEAM = H67HBX73UR;
				ENABLE_PREVIEWS = YES;
				GENERATE_INFOPLIST_FILE = YES;
				INFOPLIST_FILE = MovieTrident/Info.plist;
				INFOPLIST_KEY_UIApplicationSceneManifest_Generation = YES;
				INFOPLIST_KEY_UIApplicationSupportsIndirectInputEvents = YES;
				INFOPLIST_KEY_UILaunchScreen_Generation = YES;
				INFOPLIST_KEY_UISupportedInterfaceOrientations_iPad = "UIInterfaceOrientationPortrait UIInterfaceOrientationPortraitUpsideDown UIInterfaceOrientationLandscapeLeft UIInterfaceOrientationLandscapeRight";
				INFOPLIST_KEY_UISupportedInterfaceOrientations_iPhone = "UIInterfaceOrientationPortrait UIInterfaceOrientationLandscapeLeft UIInterfaceOrientationLandscapeRight";
				LD_RUNPATH_SEARCH_PATHS = (
					"$(inherited)",
					"@executable_path/Frameworks",
				);
				MARKETING_VERSION = 1.0;
				PRODUCT_BUNDLE_IDENTIFIER = com.kalinbalabanov.MovieTrident;
				PRODUCT_NAME = "$(TARGET_NAME)";
				SWIFT_EMIT_LOC_STRINGS = YES;
				SWIFT_VERSION = 5.0;
				TARGETED_DEVICE_FAMILY = "1,2";
			};
			name = Debug;
		};
		1218568E27629B7B0068A206 /* Release */ = {
			isa = XCBuildConfiguration;
			buildSettings = {
				ASSETCATALOG_COMPILER_APPICON_NAME = AppIcon;
				ASSETCATALOG_COMPILER_GLOBAL_ACCENT_COLOR_NAME = AccentColor;
				CODE_SIGN_STYLE = Automatic;
				CURRENT_PROJECT_VERSION = 1;
				DEVELOPMENT_ASSET_PATHS = "\"MovieTrident/Preview Content\"";
				DEVELOPMENT_TEAM = H67HBX73UR;
				ENABLE_PREVIEWS = YES;
				GENERATE_INFOPLIST_FILE = YES;
				INFOPLIST_FILE = MovieTrident/Info.plist;
				INFOPLIST_KEY_UIApplicationSceneManifest_Generation = YES;
				INFOPLIST_KEY_UIApplicationSupportsIndirectInputEvents = YES;
				INFOPLIST_KEY_UILaunchScreen_Generation = YES;
				INFOPLIST_KEY_UISupportedInterfaceOrientations_iPad = "UIInterfaceOrientationPortrait UIInterfaceOrientationPortraitUpsideDown UIInterfaceOrientationLandscapeLeft UIInterfaceOrientationLandscapeRight";
				INFOPLIST_KEY_UISupportedInterfaceOrientations_iPhone = "UIInterfaceOrientationPortrait UIInterfaceOrientationLandscapeLeft UIInterfaceOrientationLandscapeRight";
				LD_RUNPATH_SEARCH_PATHS = (
					"$(inherited)",
					"@executable_path/Frameworks",
				);
				MARKETING_VERSION = 1.0;
				PRODUCT_BUNDLE_IDENTIFIER = com.kalinbalabanov.MovieTrident;
				PRODUCT_NAME = "$(TARGET_NAME)";
				SWIFT_EMIT_LOC_STRINGS = YES;
				SWIFT_VERSION = 5.0;
				TARGETED_DEVICE_FAMILY = "1,2";
			};
			name = Release;
		};
/* End XCBuildConfiguration section */

/* Begin XCConfigurationList section */
		1218567927629B760068A206 /* Build configuration list for PBXProject "MovieTrident" */ = {
			isa = XCConfigurationList;
			buildConfigurations = (
				1218568A27629B7B0068A206 /* Debug */,
				1218568B27629B7B0068A206 /* Release */,
			);
			defaultConfigurationIsVisible = 0;
			defaultConfigurationName = Release;
		};
		1218568C27629B7B0068A206 /* Build configuration list for PBXNativeTarget "MovieTrident" */ = {
			isa = XCConfigurationList;
			buildConfigurations = (
				1218568D27629B7B0068A206 /* Debug */,
				1218568E27629B7B0068A206 /* Release */,
			);
			defaultConfigurationIsVisible = 0;
			defaultConfigurationName = Release;
		};
/* End XCConfigurationList section */
	};
	rootObject = 1218567627629B760068A206 /* Project object */;
}
